
Microsoft Visual Studio Solution File, Format Version 12.00
# Visual Studio Version 17
VisualStudioVersion = 17.5.33414.496
MinimumVisualStudioVersion = 10.0.40219.1
Project("{2150E333-8FDC-42A3-9474-1A3956D46DE8}") = "Elementos de la solución", "Elementos de la solución", "{9FF14F6B-76CB-41D1-965E-97DB4FC2F0B9}"
	ProjectSection(SolutionItems) = preProject
		README.md = README.md
	EndProjectSection
EndProject
Project("{9A19103F-16F7-4668-BE54-9A1E7A4F7556}") = "Demos", "Demos\Demos.csproj", "{5DF5751D-4322-45DE-9931-6D13372174A1}"
EndProject
Project("{9A19103F-16F7-4668-BE54-9A1E7A4F7556}") = "Biblioteca", "Biblioteca\Biblioteca.csproj", "{8DAB99DA-05FF-446A-B8EB-2180BC29BAA8}"
EndProject
Project("{FAE04EC0-301F-11D3-BF4B-00C04F79EFBC}") = "DemoApi", "DemoApi\DemoApi.csproj", "{139FA389-E291-4DAD-8A2F-C8E07DF2AC9B}"
EndProject
Project("{FAE04EC0-301F-11D3-BF4B-00C04F79EFBC}") = "DemoApi6", "DemoApi6\DemoApi6.csproj", "{202790A1-D3D2-47B3-981A-10F595EBC2B5}"
EndProject
Project("{FAE04EC0-301F-11D3-BF4B-00C04F79EFBC}") = "MisFunciones", "MisFunciones\MisFunciones.csproj", "{EAD6FECF-ABD0-465E-8C52-E307494C45AF}"
EndProject
Global
	GlobalSection(SolutionConfigurationPlatforms) = preSolution
		Debug|Any CPU = Debug|Any CPU
		Release|Any CPU = Release|Any CPU
	EndGlobalSection
	GlobalSection(ProjectConfigurationPlatforms) = postSolution
		{5DF5751D-4322-45DE-9931-6D13372174A1}.Debug|Any CPU.ActiveCfg = Debug|Any CPU
		{5DF5751D-4322-45DE-9931-6D13372174A1}.Debug|Any CPU.Build.0 = Debug|Any CPU
		{5DF5751D-4322-45DE-9931-6D13372174A1}.Release|Any CPU.ActiveCfg = Release|Any CPU
		{5DF5751D-4322-45DE-9931-6D13372174A1}.Release|Any CPU.Build.0 = Release|Any CPU
		{8DAB99DA-05FF-446A-B8EB-2180BC29BAA8}.Debug|Any CPU.ActiveCfg = Debug|Any CPU
		{8DAB99DA-05FF-446A-B8EB-2180BC29BAA8}.Debug|Any CPU.Build.0 = Debug|Any CPU
		{8DAB99DA-05FF-446A-B8EB-2180BC29BAA8}.Release|Any CPU.ActiveCfg = Release|Any CPU
		{8DAB99DA-05FF-446A-B8EB-2180BC29BAA8}.Release|Any CPU.Build.0 = Release|Any CPU
		{139FA389-E291-4DAD-8A2F-C8E07DF2AC9B}.Debug|Any CPU.ActiveCfg = Debug|Any CPU
		{139FA389-E291-4DAD-8A2F-C8E07DF2AC9B}.Debug|Any CPU.Build.0 = Debug|Any CPU
		{139FA389-E291-4DAD-8A2F-C8E07DF2AC9B}.Release|Any CPU.ActiveCfg = Release|Any CPU
		{139FA389-E291-4DAD-8A2F-C8E07DF2AC9B}.Release|Any CPU.Build.0 = Release|Any CPU
		{202790A1-D3D2-47B3-981A-10F595EBC2B5}.Debug|Any CPU.ActiveCfg = Debug|Any CPU
		{202790A1-D3D2-47B3-981A-10F595EBC2B5}.Debug|Any CPU.Build.0 = Debug|Any CPU
		{202790A1-D3D2-47B3-981A-10F595EBC2B5}.Release|Any CPU.ActiveCfg = Release|Any CPU
		{202790A1-D3D2-47B3-981A-10F595EBC2B5}.Release|Any CPU.Build.0 = Release|Any CPU
		{EAD6FECF-ABD0-465E-8C52-E307494C45AF}.Debug|Any CPU.ActiveCfg = Debug|Any CPU
		{EAD6FECF-ABD0-465E-8C52-E307494C45AF}.Debug|Any CPU.Build.0 = Debug|Any CPU
		{EAD6FECF-ABD0-465E-8C52-E307494C45AF}.Release|Any CPU.ActiveCfg = Release|Any CPU
		{EAD6FECF-ABD0-465E-8C52-E307494C45AF}.Release|Any CPU.Build.0 = Release|Any CPU
	EndGlobalSection
	GlobalSection(SolutionProperties) = preSolution
		HideSolutionNode = FALSE
	EndGlobalSection
	GlobalSection(ExtensibilityGlobals) = postSolution
		SolutionGuid = {61B77905-6A36-46FE-84BE-C3EB55C787E9}
	EndGlobalSection
EndGlobal
